
Microsoft Visual Studio Solution File, Format Version 12.00
# Visual Studio Version 16
VisualStudioVersion = 16.0.31702.278
MinimumVisualStudioVersion = 10.0.40219.1
Project("{9A19103F-16F7-4668-BE54-9A1E7A4F7556}") = "MyEshop", "MyEshop\MyEshop.csproj", "{AD17F870-6189-49F6-88A7-E379502C0391}"
EndProject
Global
	GlobalSection(SolutionConfigurationPlatforms) = preSolution
		Debug|Any CPU = Debug|Any CPU
		Release|Any CPU = Release|Any CPU
	EndGlobalSection
	GlobalSection(ProjectConfigurationPlatforms) = postSolution
		{AD17F870-6189-49F6-88A7-E379502C0391}.Debug|Any CPU.ActiveCfg = Debug|Any CPU
		{AD17F870-6189-49F6-88A7-E379502C0391}.Debug|Any CPU.Build.0 = Debug|Any CPU
		{AD17F870-6189-49F6-88A7-E379502C0391}.Release|Any CPU.ActiveCfg = Release|Any CPU
		{AD17F870-6189-49F6-88A7-E379502C0391}.Release|Any CPU.Build.0 = Release|Any CPU
	EndGlobalSection
	GlobalSection(SolutionProperties) = preSolution
		HideSolutionNode = FALSE
	EndGlobalSection
	GlobalSection(ExtensibilityGlobals) = postSolution
		SolutionGuid = {92CF03BA-87FE-47FB-B997-7CFBF8530206}
	EndGlobalSection
EndGlobal
